{
  "name": "cycle-gear",
  "version": "4.1.0",
  "lockfileVersion": 1,
  "dependencies": {
    "@cycle/run": {
      "version": "3.4.0",
      "resolved": "https://registry.npmjs.org/@cycle/run/-/run-3.4.0.tgz",
      "integrity": "sha512-YUZyPu0nC4YDC31mLH5PGxbMoPEH5dNEV+nmgt34GgGgJ0ykDd4PrY7/ph5MAEpQE6rOfov0VN44qQRs6beQow=="
    },
    "doctrine": {
      "version": "0.7.2",
      "resolved": "https://registry.npmjs.org/doctrine/-/doctrine-0.7.2.tgz",
      "integrity": "sha1-fLhgNZujvpDgQLJrcpzkv6ZUxSM=",
      "dev": true
    },
    "esutils": {
      "version": "1.1.6",
      "resolved": "https://registry.npmjs.org/esutils/-/esutils-1.1.6.tgz",
      "integrity": "sha1-wBzKqa5LiXxtDD4hCuUvPHqEQ3U=",
      "dev": true
    },
    "isarray": {
      "version": "0.0.1",
      "resolved": "https://registry.npmjs.org/isarray/-/isarray-0.0.1.tgz",
      "integrity": "sha1-ihis/Kmo9Bd+Cav8YDiTmwXR7t8=",
      "dev": true
    },
    "symbol-observable": {
      "version": "1.0.4",
      "resolved": "https://registry.npmjs.org/symbol-observable/-/symbol-observable-1.0.4.tgz",
      "integrity": "sha1-Kb9hXUqnEhvdiYsi1LP5vE4qoD0="
    },
    "tslint-config-standard": {
      "version": "3.0.0",
      "resolved": "https://registry.npmjs.org/tslint-config-standard/-/tslint-config-standard-3.0.0.tgz",
      "integrity": "sha1-8T3MQZwNswH3Miv9oIT798qyVrk=",
      "dev": true
    },
    "tslint-eslint-rules": {
      "version": "3.5.1",
      "resolved": "https://registry.npmjs.org/tslint-eslint-rules/-/tslint-eslint-rules-3.5.1.tgz",
      "integrity": "sha1-5D79zddg1ihWAAMXIPlyyS9KBYo=",
      "dev": true
    },
    "typescript": {
      "version": "2.5.3",
      "resolved": "https://registry.npmjs.org/typescript/-/typescript-2.5.3.tgz",
      "integrity": "sha512-ptLSQs2S4QuS6/OD1eAKG+S5G8QQtrU5RT32JULdZQtM1L3WTi34Wsu48Yndzi8xsObRAB9RPt/KhA9wlpEF6w==",
      "dev": true
    },
    "xstream": {
      "version": "10.9.0",
      "resolved": "https://registry.npmjs.org/xstream/-/xstream-10.9.0.tgz",
      "integrity": "sha1-23k0zsLaATYNQ6u7yHm4RSQ5e1U="
    }
  }
}
